
Microsoft Visual Studio Solution File, Format Version 12.00
# Visual Studio Version 16
VisualStudioVersion = 16.0.810.16
MinimumVisualStudioVersion = 10.0.40219.1
Project("{FAE04EC0-301F-11D3-BF4B-00C04F79EFBC}") = "7SENG003W_CW1", "7SENG003W_CW1\7SENG003W_CW1.csproj", "{4DEDFCF7-8482-4CA1-BD16-673667FF0BCA}"
EndProject
Global
	GlobalSection(SolutionConfigurationPlatforms) = preSolution
		Debug|Any CPU = Debug|Any CPU
		Release|Any CPU = Release|Any CPU
	EndGlobalSection
	GlobalSection(ProjectConfigurationPlatforms) = postSolution
		{4DEDFCF7-8482-4CA1-BD16-673667FF0BCA}.Debug|Any CPU.ActiveCfg = Debug|Any CPU
		{4DEDFCF7-8482-4CA1-BD16-673667FF0BCA}.Debug|Any CPU.Build.0 = Debug|Any CPU
		{4DEDFCF7-8482-4CA1-BD16-673667FF0BCA}.Release|Any CPU.ActiveCfg = Release|Any CPU
		{4DEDFCF7-8482-4CA1-BD16-673667FF0BCA}.Release|Any CPU.Build.0 = Release|Any CPU
	EndGlobalSection
	GlobalSection(SolutionProperties) = preSolution
		HideSolutionNode = FALSE
	EndGlobalSection
	GlobalSection(ExtensibilityGlobals) = postSolution
		SolutionGuid = {F02BBB73-C377-4802-BEA2-16058B247EE0}
	EndGlobalSection
EndGlobal
